
Microsoft Visual Studio Solution File, Format Version 12.00
# Visual Studio Version 17
VisualStudioVersion = 17.5.33424.131
MinimumVisualStudioVersion = 10.0.40219.1
Project("{FAE04EC0-301F-11D3-BF4B-00C04F79EFBC}") = "MVCAngularVersion1", "MVCAngularVersion1\MVCAngularVersion1.csproj", "{1A7F1564-AD2F-44B9-ADE0-D6B518708CEF}"
EndProject
Global
	GlobalSection(SolutionConfigurationPlatforms) = preSolution
		Debug|Any CPU = Debug|Any CPU
		Release|Any CPU = Release|Any CPU
	EndGlobalSection
	GlobalSection(ProjectConfigurationPlatforms) = postSolution
		{1A7F1564-AD2F-44B9-ADE0-D6B518708CEF}.Debug|Any CPU.ActiveCfg = Debug|Any CPU
		{1A7F1564-AD2F-44B9-ADE0-D6B518708CEF}.Debug|Any CPU.Build.0 = Debug|Any CPU
		{1A7F1564-AD2F-44B9-ADE0-D6B518708CEF}.Release|Any CPU.ActiveCfg = Release|Any CPU
		{1A7F1564-AD2F-44B9-ADE0-D6B518708CEF}.Release|Any CPU.Build.0 = Release|Any CPU
	EndGlobalSection
	GlobalSection(SolutionProperties) = preSolution
		HideSolutionNode = FALSE
	EndGlobalSection
	GlobalSection(ExtensibilityGlobals) = postSolution
		SolutionGuid = {7120725C-B72F-47EB-931D-EF9C151E79DF}
	EndGlobalSection
EndGlobal
